
Microsoft Visual Studio Solution File, Format Version 12.00
# Visual Studio Version 17
VisualStudioVersion = 17.5.33502.453
MinimumVisualStudioVersion = 10.0.40219.1
Project("{FAE04EC0-301F-11D3-BF4B-00C04F79EFBC}") = "Latihan", "Latihan\Latihan.csproj", "{A834A079-FCB3-4AE4-B4E1-A9D22E6299C1}"
EndProject
Global
	GlobalSection(SolutionConfigurationPlatforms) = preSolution
		Debug|Any CPU = Debug|Any CPU
		Release|Any CPU = Release|Any CPU
	EndGlobalSection
	GlobalSection(ProjectConfigurationPlatforms) = postSolution
		{A834A079-FCB3-4AE4-B4E1-A9D22E6299C1}.Debug|Any CPU.ActiveCfg = Debug|Any CPU
		{A834A079-FCB3-4AE4-B4E1-A9D22E6299C1}.Debug|Any CPU.Build.0 = Debug|Any CPU
		{A834A079-FCB3-4AE4-B4E1-A9D22E6299C1}.Release|Any CPU.ActiveCfg = Release|Any CPU
		{A834A079-FCB3-4AE4-B4E1-A9D22E6299C1}.Release|Any CPU.Build.0 = Release|Any CPU
	EndGlobalSection
	GlobalSection(SolutionProperties) = preSolution
		HideSolutionNode = FALSE
	EndGlobalSection
	GlobalSection(ExtensibilityGlobals) = postSolution
		SolutionGuid = {6C946FFB-75B0-4E62-BA00-CD3FA9BF3923}
	EndGlobalSection
EndGlobal
